
Microsoft Visual Studio Solution File, Format Version 12.00
# Visual Studio Version 17
VisualStudioVersion = 17.8.34525.116
MinimumVisualStudioVersion = 10.0.40219.1
Project("{8BC9CEB8-8B4A-11D0-8D11-00A0C91BC942}") = "LOPBossRush", "LOPBossRush\LOPBossRush.vcxproj", "{5A5113E8-BCE0-4B3A-9480-7FD09BA54F9D}"
EndProject
Global
	GlobalSection(SolutionConfigurationPlatforms) = preSolution
		Debug|x64 = Debug|x64
		Debug|x86 = Debug|x86
		Release|x64 = Release|x64
		Release|x86 = Release|x86
	EndGlobalSection
	GlobalSection(ProjectConfigurationPlatforms) = postSolution
		{5A5113E8-BCE0-4B3A-9480-7FD09BA54F9D}.Debug|x64.ActiveCfg = Debug|x64
		{5A5113E8-BCE0-4B3A-9480-7FD09BA54F9D}.Debug|x64.Build.0 = Debug|x64
		{5A5113E8-BCE0-4B3A-9480-7FD09BA54F9D}.Debug|x86.ActiveCfg = Debug|Win32
		{5A5113E8-BCE0-4B3A-9480-7FD09BA54F9D}.Debug|x86.Build.0 = Debug|Win32
		{5A5113E8-BCE0-4B3A-9480-7FD09BA54F9D}.Release|x64.ActiveCfg = Release|x64
		{5A5113E8-BCE0-4B3A-9480-7FD09BA54F9D}.Release|x64.Build.0 = Release|x64
		{5A5113E8-BCE0-4B3A-9480-7FD09BA54F9D}.Release|x86.ActiveCfg = Release|Win32
		{5A5113E8-BCE0-4B3A-9480-7FD09BA54F9D}.Release|x86.Build.0 = Release|Win32
	EndGlobalSection
	GlobalSection(SolutionProperties) = preSolution
		HideSolutionNode = FALSE
	EndGlobalSection
	GlobalSection(ExtensibilityGlobals) = postSolution
		SolutionGuid = {87218FDA-2FF2-4767-B8EC-0E2A5FC3CC6E}
	EndGlobalSection
EndGlobal
